// !$*UTF8*$!
{
	archiveVersion = 1;
	classes = {
	};
	objectVersion = 50;
	objects = {

/* Begin PBXBuildFile section */
		1C4F4FBF211090A30047A099 /* StockValueImplementations.swift in Sources */ = {isa = PBXBuildFile; fileRef = 1C4F4FBE211090A30047A099 /* StockValueImplementations.swift */; };
		1C4F4FC1211091380047A099 /* StockValueFactories.swift in Sources */ = {isa = PBXBuildFile; fileRef = 1C4F4FC0211091380047A099 /* StockValueFactories.swift */; };
		1C831D16210DE7C40015B45E /* NetworkConnection.swift in Sources */ = {isa = PBXBuildFile; fileRef = 1C831D15210DE7C40015B45E /* NetworkConnection.swift */; };
		1C831D18210DE87D0015B45E /* NetworkPool.swift in Sources */ = {isa = PBXBuildFile; fileRef = 1C831D17210DE87D0015B45E /* NetworkPool.swift */; };
		1C831D1A210DEBF10015B45E /* ProductDataStore.swift in Sources */ = {isa = PBXBuildFile; fileRef = 1C831D19210DEBF10015B45E /* ProductDataStore.swift */; };
		1CC39D25210640F60009F05D /* AppDelegate.swift in Sources */ = {isa = PBXBuildFile; fileRef = 1CC39D24210640F60009F05D /* AppDelegate.swift */; };
		1CC39D27210640F60009F05D /* ViewController.swift in Sources */ = {isa = PBXBuildFile; fileRef = 1CC39D26210640F60009F05D /* ViewController.swift */; };
		1CC39D2A210640F60009F05D /* Main.storyboard in Resources */ = {isa = PBXBuildFile; fileRef = 1CC39D28210640F60009F05D /* Main.storyboard */; };
		1CC39D2C210640FC0009F05D /* Assets.xcassets in Resources */ = {isa = PBXBuildFile; fileRef = 1CC39D2B210640FC0009F05D /* Assets.xcassets */; };
		1CC39D2F210640FC0009F05D /* LaunchScreen.storyboard in Resources */ = {isa = PBXBuildFile; fileRef = 1CC39D2D210640FC0009F05D /* LaunchScreen.storyboard */; };
		1CC39D37210655A00009F05D /* Utils.swift in Sources */ = {isa = PBXBuildFile; fileRef = 1CC39D36210655A00009F05D /* Utils.swift */; };
		1CC39D39210657140009F05D /* Product.swift in Sources */ = {isa = PBXBuildFile; fileRef = 1CC39D38210657140009F05D /* Product.swift */; };
		1CC8901A2107C1F000AE5C3B /* Logger.swift in Sources */ = {isa = PBXBuildFile; fileRef = 1CC890192107C1F000AE5C3B /* Logger.swift */; };
/* End PBXBuildFile section */

/* Begin PBXFileReference section */
		1C4F4FBE211090A30047A099 /* StockValueImplementations.swift */ = {isa = PBXFileReference; lastKnownFileType = sourcecode.swift; path = StockValueImplementations.swift; sourceTree = "<group>"; };
		1C4F4FC0211091380047A099 /* StockValueFactories.swift */ = {isa = PBXFileReference; lastKnownFileType = sourcecode.swift; path = StockValueFactories.swift; sourceTree = "<group>"; };
		1C831D15210DE7C40015B45E /* NetworkConnection.swift */ = {isa = PBXFileReference; lastKnownFileType = sourcecode.swift; path = NetworkConnection.swift; sourceTree = "<group>"; };
		1C831D17210DE87D0015B45E /* NetworkPool.swift */ = {isa = PBXFileReference; lastKnownFileType = sourcecode.swift; path = NetworkPool.swift; sourceTree = "<group>"; };
		1C831D19210DEBF10015B45E /* ProductDataStore.swift */ = {isa = PBXFileReference; lastKnownFileType = sourcecode.swift; path = ProductDataStore.swift; sourceTree = "<group>"; };
		1CC39D21210640F60009F05D /* SportsStore.app */ = {isa = PBXFileReference; explicitFileType = wrapper.application; includeInIndex = 0; path = SportsStore.app; sourceTree = BUILT_PRODUCTS_DIR; };
		1CC39D24210640F60009F05D /* AppDelegate.swift */ = {isa = PBXFileReference; lastKnownFileType = sourcecode.swift; path = AppDelegate.swift; sourceTree = "<group>"; };
		1CC39D26210640F60009F05D /* ViewController.swift */ = {isa = PBXFileReference; lastKnownFileType = sourcecode.swift; path = ViewController.swift; sourceTree = "<group>"; };
		1CC39D29210640F60009F05D /* Base */ = {isa = PBXFileReference; lastKnownFileType = file.storyboard; name = Base; path = Base.lproj/Main.storyboard; sourceTree = "<group>"; };
		1CC39D2B210640FC0009F05D /* Assets.xcassets */ = {isa = PBXFileReference; lastKnownFileType = folder.assetcatalog; path = Assets.xcassets; sourceTree = "<group>"; };
		1CC39D2E210640FC0009F05D /* Base */ = {isa = PBXFileReference; lastKnownFileType = file.storyboard; name = Base; path = Base.lproj/LaunchScreen.storyboard; sourceTree = "<group>"; };
		1CC39D30210640FC0009F05D /* Info.plist */ = {isa = PBXFileReference; lastKnownFileType = text.plist.xml; path = Info.plist; sourceTree = "<group>"; };
		1CC39D36210655A00009F05D /* Utils.swift */ = {isa = PBXFileReference; lastKnownFileType = sourcecode.swift; path = Utils.swift; sourceTree = "<group>"; };
		1CC39D38210657140009F05D /* Product.swift */ = {isa = PBXFileReference; lastKnownFileType = sourcecode.swift; path = Product.swift; sourceTree = "<group>"; };
		1CC890192107C1F000AE5C3B /* Logger.swift */ = {isa = PBXFileReference; lastKnownFileType = sourcecode.swift; path = Logger.swift; sourceTree = "<group>"; };
/* End PBXFileReference section */

/* Begin PBXFrameworksBuildPhase section */
		1CC39D1E210640F60009F05D /* Frameworks */ = {
			isa = PBXFrameworksBuildPhase;
			buildActionMask = 2147483647;
			files = (
			);
			runOnlyForDeploymentPostprocessing = 0;
		};
/* End PBXFrameworksBuildPhase section */

/* Begin PBXGroup section */
		1CC39D18210640F60009F05D = {
			isa = PBXGroup;
			children = (
				1CC39D23210640F60009F05D /* SportsStore */,
				1CC39D22210640F60009F05D /* Products */,
			);
			sourceTree = "<group>";
		};
		1CC39D22210640F60009F05D /* Products */ = {
			isa = PBXGroup;
			children = (
				1CC39D21210640F60009F05D /* SportsStore.app */,
			);
			name = Products;
			sourceTree = "<group>";
		};
		1CC39D23210640F60009F05D /* SportsStore */ = {
			isa = PBXGroup;
			children = (
				1CC39D24210640F60009F05D /* AppDelegate.swift */,
				1CC39D26210640F60009F05D /* ViewController.swift */,
				1CC39D28210640F60009F05D /* Main.storyboard */,
				1CC39D2B210640FC0009F05D /* Assets.xcassets */,
				1CC39D2D210640FC0009F05D /* LaunchScreen.storyboard */,
				1CC39D30210640FC0009F05D /* Info.plist */,
				1CC39D36210655A00009F05D /* Utils.swift */,
				1CC39D38210657140009F05D /* Product.swift */,
				1CC890192107C1F000AE5C3B /* Logger.swift */,
				1C4F4FBE211090A30047A099 /* StockValueImplementations.swift */,
				1C4F4FC0211091380047A099 /* StockValueFactories.swift */,
				1C831D15210DE7C40015B45E /* NetworkConnection.swift */,
				1C831D17210DE87D0015B45E /* NetworkPool.swift */,
				1C831D19210DEBF10015B45E /* ProductDataStore.swift */,
			);
			path = SportsStore;
			sourceTree = "<group>";
		};
/* End PBXGroup section */

/* Begin PBXNativeTarget section */
		1CC39D20210640F60009F05D /* SportsStore */ = {
			isa = PBXNativeTarget;
			buildConfigurationList = 1CC39D33210640FC0009F05D /* Build configuration list for PBXNativeTarget "SportsStore" */;
			buildPhases = (
				1CC39D1D210640F60009F05D /* Sources */,
				1CC39D1E210640F60009F05D /* Frameworks */,
				1CC39D1F210640F60009F05D /* Resources */,
			);
			buildRules = (
			);
			dependencies = (
			);
			name = SportsStore;
			productName = SportsStore;
			productReference = 1CC39D21210640F60009F05D /* SportsStore.app */;
			productType = "com.apple.product-type.application";
		};
/* End PBXNativeTarget section */

/* Begin PBXProject section */
		1CC39D19210640F60009F05D /* Project object */ = {
			isa = PBXProject;
			attributes = {
				LastSwiftUpdateCheck = 0930;
				LastUpgradeCheck = 0930;
				ORGANIZATIONNAME = "nagender singh shekhawat";
				TargetAttributes = {
					1CC39D20210640F60009F05D = {
						CreatedOnToolsVersion = 9.3;
					};
				};
			};
			buildConfigurationList = 1CC39D1C210640F60009F05D /* Build configuration list for PBXProject "SportsStore" */;
			compatibilityVersion = "Xcode 9.3";
			developmentRegion = en;
			hasScannedForEncodings = 0;
			knownRegions = (
				en,
				Base,
			);
			mainGroup = 1CC39D18210640F60009F05D;
			productRefGroup = 1CC39D22210640F60009F05D /* Products */;
			projectDirPath = "";
			projectRoot = "";
			targets = (
				1CC39D20210640F60009F05D /* SportsStore */,
			);
		};
/* End PBXProject section */

/* Begin PBXResourcesBuildPhase section */
		1CC39D1F210640F60009F05D /* Resources */ = {
			isa = PBXResourcesBuildPhase;
			buildActionMask = 2147483647;
			files = (
				1CC39D2F210640FC0009F05D /* LaunchScreen.storyboard in Resources */,
				1CC39D2C210640FC0009F05D /* Assets.xcassets in Resources */,
				1CC39D2A210640F60009F05D /* Main.storyboard in Resources */,
			);
			runOnlyForDeploymentPostprocessing = 0;
		};
/* End PBXResourcesBuildPhase section */

/* Begin PBXSourcesBuildPhase section */
		1CC39D1D210640F60009F05D /* Sources */ = {
			isa = PBXSourcesBuildPhase;
			buildActionMask = 2147483647;
			files = (
				1CC8901A2107C1F000AE5C3B /* Logger.swift in Sources */,
				1C4F4FC1211091380047A099 /* StockValueFactories.swift in Sources */,
				1C831D1A210DEBF10015B45E /* ProductDataStore.swift in Sources */,
				1CC39D27210640F60009F05D /* ViewController.swift in Sources */,
				1C831D16210DE7C40015B45E /* NetworkConnection.swift in Sources */,
				1CC39D39210657140009F05D /* Product.swift in Sources */,
				1CC39D25210640F60009F05D /* AppDelegate.swift in Sources */,
				1CC39D37210655A00009F05D /* Utils.swift in Sources */,
				1C4F4FBF211090A30047A099 /* StockValueImplementations.swift in Sources */,
				1C831D18210DE87D0015B45E /* NetworkPool.swift in Sources */,
			);
			runOnlyForDeploymentPostprocessing = 0;
		};
/* End PBXSourcesBuildPhase section */

/* Begin PBXVariantGroup section */
		1CC39D28210640F60009F05D /* Main.storyboard */ = {
			isa = PBXVariantGroup;
			children = (
				1CC39D29210640F60009F05D /* Base */,
			);
			name = Main.storyboard;
			sourceTree = "<group>";
		};
		1CC39D2D210640FC0009F05D /* LaunchScreen.storyboard */ = {
			isa = PBXVariantGroup;
			children = (
				1CC39D2E210640FC0009F05D /* Base */,
			);
			name = LaunchScreen.storyboard;
			sourceTree = "<group>";
		};
/* End PBXVariantGroup section */

/* Begin XCBuildConfiguration section */
		1CC39D31210640FC0009F05D /* Debug */ = {
			isa = XCBuildConfiguration;
			buildSettings = {
				ALWAYS_SEARCH_USER_PATHS = NO;
				CLANG_ANALYZER_NONNULL = YES;
				CLANG_ANALYZER_NUMBER_OBJECT_CONVERSION = YES_AGGRESSIVE;
				CLANG_CXX_LANGUAGE_STANDARD = "gnu++14";
				CLANG_CXX_LIBRARY = "libc++";
				CLANG_ENABLE_MODULES = YES;
				CLANG_ENABLE_OBJC_ARC = YES;
				CLANG_ENABLE_OBJC_WEAK = YES;
				CLANG_WARN_BLOCK_CAPTURE_AUTORELEASING = YES;
				CLANG_WARN_BOOL_CONVERSION = YES;
				CLANG_WARN_COMMA = YES;
				CLANG_WARN_CONSTANT_CONVERSION = YES;
				CLANG_WARN_DEPRECATED_OBJC_IMPLEMENTATIONS = YES;
				CLANG_WARN_DIRECT_OBJC_ISA_USAGE = YES_ERROR;
				CLANG_WARN_DOCUMENTATION_COMMENTS = YES;
				CLANG_WARN_EMPTY_BODY = YES;
				CLANG_WARN_ENUM_CONVERSION = YES;
				CLANG_WARN_INFINITE_RECURSION = YES;
				CLANG_WARN_INT_CONVERSION = YES;
				CLANG_WARN_NON_LITERAL_NULL_CONVERSION = YES;
				CLANG_WARN_OBJC_IMPLICIT_RETAIN_SELF = YES;
				CLANG_WARN_OBJC_LITERAL_CONVERSION = YES;
				CLANG_WARN_OBJC_ROOT_CLASS = YES_ERROR;
				CLANG_WARN_RANGE_LOOP_ANALYSIS = YES;
				CLANG_WARN_STRICT_PROTOTYPES = YES;
				CLANG_WARN_SUSPICIOUS_MOVE = YES;
				CLANG_WARN_UNGUARDED_AVAILABILITY = YES_AGGRESSIVE;
				CLANG_WARN_UNREACHABLE_CODE = YES;
				CLANG_WARN__DUPLICATE_METHOD_MATCH = YES;
				CODE_SIGN_IDENTITY = "iPhone Developer";
				COPY_PHASE_STRIP = NO;
				DEBUG_INFORMATION_FORMAT = dwarf;
				ENABLE_STRICT_OBJC_MSGSEND = YES;
				ENABLE_TESTABILITY = YES;
				GCC_C_LANGUAGE_STANDARD = gnu11;
				GCC_DYNAMIC_NO_PIC = NO;
				GCC_NO_COMMON_BLOCKS = YES;
				GCC_OPTIMIZATION_LEVEL = 0;
				GCC_PREPROCESSOR_DEFINITIONS = (
					"DEBUG=1",
					"$(inherited)",
				);
				GCC_WARN_64_TO_32_BIT_CONVERSION = YES;
				GCC_WARN_ABOUT_RETURN_TYPE = YES_ERROR;
				GCC_WARN_UNDECLARED_SELECTOR = YES;
				GCC_WARN_UNINITIALIZED_AUTOS = YES_AGGRESSIVE;
				GCC_WARN_UNUSED_FUNCTION = YES;
				GCC_WARN_UNUSED_VARIABLE = YES;
				IPHONEOS_DEPLOYMENT_TARGET = 11.3;
				MTL_ENABLE_DEBUG_INFO = YES;
				ONLY_ACTIVE_ARCH = YES;
				SDKROOT = iphoneos;
				SWIFT_ACTIVE_COMPILATION_CONDITIONS = DEBUG;
				SWIFT_OPTIMIZATION_LEVEL = "-Onone";
			};
			name = Debug;
		};
		1CC39D32210640FC0009F05D /* Release */ = {
			isa = XCBuildConfiguration;
			buildSettings = {
				ALWAYS_SEARCH_USER_PATHS = NO;
				CLANG_ANALYZER_NONNULL = YES;
				CLANG_ANALYZER_NUMBER_OBJECT_CONVERSION = YES_AGGRESSIVE;
				CLANG_CXX_LANGUAGE_STANDARD = "gnu++14";
				CLANG_CXX_LIBRARY = "libc++";
				CLANG_ENABLE_MODULES = YES;
				CLANG_ENABLE_OBJC_ARC = YES;
				CLANG_ENABLE_OBJC_WEAK = YES;
				CLANG_WARN_BLOCK_CAPTURE_AUTORELEASING = YES;
				CLANG_WARN_BOOL_CONVERSION = YES;
				CLANG_WARN_COMMA = YES;
				CLANG_WARN_CONSTANT_CONVERSION = YES;
				CLANG_WARN_DEPRECATED_OBJC_IMPLEMENTATIONS = YES;
				CLANG_WARN_DIRECT_OBJC_ISA_USAGE = YES_ERROR;
				CLANG_WARN_DOCUMENTATION_COMMENTS = YES;
				CLANG_WARN_EMPTY_BODY = YES;
				CLANG_WARN_ENUM_CONVERSION = YES;
				CLANG_WARN_INFINITE_RECURSION = YES;
				CLANG_WARN_INT_CONVERSION = YES;
				CLANG_WARN_NON_LITERAL_NULL_CONVERSION = YES;
				CLANG_WARN_OBJC_IMPLICIT_RETAIN_SELF = YES;
				CLANG_WARN_OBJC_LITERAL_CONVERSION = YES;
				CLANG_WARN_OBJC_ROOT_CLASS = YES_ERROR;
				CLANG_WARN_RANGE_LOOP_ANALYSIS = YES;
				CLANG_WARN_STRICT_PROTOTYPES = YES;
				CLANG_WARN_SUSPICIOUS_MOVE = YES;
				CLANG_WARN_UNGUARDED_AVAILABILITY = YES_AGGRESSIVE;
				CLANG_WARN_UNREACHABLE_CODE = YES;
				CLANG_WARN__DUPLICATE_METHOD_MATCH = YES;
				CODE_SIGN_IDENTITY = "iPhone Developer";
				COPY_PHASE_STRIP = NO;
				DEBUG_INFORMATION_FORMAT = "dwarf-with-dsym";
				ENABLE_NS_ASSERTIONS = NO;
				ENABLE_STRICT_OBJC_MSGSEND = YES;
				GCC_C_LANGUAGE_STANDARD = gnu11;
				GCC_NO_COMMON_BLOCKS = YES;
				GCC_WARN_64_TO_32_BIT_CONVERSION = YES;
				GCC_WARN_ABOUT_RETURN_TYPE = YES_ERROR;
				GCC_WARN_UNDECLARED_SELECTOR = YES;
				GCC_WARN_UNINITIALIZED_AUTOS = YES_AGGRESSIVE;
				GCC_WARN_UNUSED_FUNCTION = YES;
				GCC_WARN_UNUSED_VARIABLE = YES;
				IPHONEOS_DEPLOYMENT_TARGET = 11.3;
				MTL_ENABLE_DEBUG_INFO = NO;
				SDKROOT = iphoneos;
				SWIFT_COMPILATION_MODE = wholemodule;
				SWIFT_OPTIMIZATION_LEVEL = "-O";
				VALIDATE_PRODUCT = YES;
			};
			name = Release;
		};
		1CC39D34210640FC0009F05D /* Debug */ = {
			isa = XCBuildConfiguration;
			buildSettings = {
				ASSETCATALOG_COMPILER_APPICON_NAME = AppIcon;
				CODE_SIGN_STYLE = Automatic;
				DEVELOPMENT_TEAM = Z8AWJ4GCTA;
				INFOPLIST_FILE = SportsStore/Info.plist;
				LD_RUNPATH_SEARCH_PATHS = (
					"$(inherited)",
					"@executable_path/Frameworks",
				);
				PRODUCT_BUNDLE_IDENTIFIER = com.nagender.SportsStore;
				PRODUCT_NAME = "$(TARGET_NAME)";
				SWIFT_VERSION = 4.0;
				TARGETED_DEVICE_FAMILY = "1,2";
			};
			name = Debug;
		};
		1CC39D35210640FC0009F05D /* Release */ = {
			isa = XCBuildConfiguration;
			buildSettings = {
				ASSETCATALOG_COMPILER_APPICON_NAME = AppIcon;
				CODE_SIGN_STYLE = Automatic;
				DEVELOPMENT_TEAM = Z8AWJ4GCTA;
				INFOPLIST_FILE = SportsStore/Info.plist;
				LD_RUNPATH_SEARCH_PATHS = (
					"$(inherited)",
					"@executable_path/Frameworks",
				);
				PRODUCT_BUNDLE_IDENTIFIER = com.nagender.SportsStore;
				PRODUCT_NAME = "$(TARGET_NAME)";
				SWIFT_VERSION = 4.0;
				TARGETED_DEVICE_FAMILY = "1,2";
			};
			name = Release;
		};
/* End XCBuildConfiguration section */

/* Begin XCConfigurationList section */
		1CC39D1C210640F60009F05D /* Build configuration list for PBXProject "SportsStore" */ = {
			isa = XCConfigurationList;
			buildConfigurations = (
				1CC39D31210640FC0009F05D /* Debug */,
				1CC39D32210640FC0009F05D /* Release */,
			);
			defaultConfigurationIsVisible = 0;
			defaultConfigurationName = Release;
		};
		1CC39D33210640FC0009F05D /* Build configuration list for PBXNativeTarget "SportsStore" */ = {
			isa = XCConfigurationList;
			buildConfigurations = (
				1CC39D34210640FC0009F05D /* Debug */,
				1CC39D35210640FC0009F05D /* Release */,
			);
			defaultConfigurationIsVisible = 0;
			defaultConfigurationName = Release;
		};
/* End XCConfigurationList section */
	};
	rootObject = 1CC39D19210640F60009F05D /* Project object */;
}
